// !$*UTF8*$!
{
	archiveVersion = 1;
	classes = {
	};
	objectVersion = 56;
	objects = {

/* Begin PBXBuildFile section */
		8F31AB492BA214EE00A49D30 /* AppDelegate.swift in Sources */ = {isa = PBXBuildFile; fileRef = 8F31AB482BA214EE00A49D30 /* AppDelegate.swift */; };
		8F31AB4B2BA214EE00A49D30 /* SceneDelegate.swift in Sources */ = {isa = PBXBuildFile; fileRef = 8F31AB4A2BA214EE00A49D30 /* SceneDelegate.swift */; };
		8F31AB4D2BA214EE00A49D30 /* ViewController.swift in Sources */ = {isa = PBXBuildFile; fileRef = 8F31AB4C2BA214EE00A49D30 /* ViewController.swift */; };
		8F31AB502BA214EE00A49D30 /* Base in Resources */ = {isa = PBXBuildFile; fileRef = 8F31AB4F2BA214EE00A49D30 /* Base */; };
		8F31AB532BA214EE00A49D30 /* testingEntityRelationships.xcdatamodeld in Sources */ = {isa = PBXBuildFile; fileRef = 8F31AB512BA214EE00A49D30 /* testingEntityRelationships.xcdatamodeld */; };
		8F31AB552BA2150400A49D30 /* Assets.xcassets in Resources */ = {isa = PBXBuildFile; fileRef = 8F31AB542BA2150400A49D30 /* Assets.xcassets */; };
		8F31AB582BA2150400A49D30 /* Base in Resources */ = {isa = PBXBuildFile; fileRef = 8F31AB572BA2150400A49D30 /* Base */; };
		8F31AB632BA2150500A49D30 /* testingEntityRelationshipsTests.swift in Sources */ = {isa = PBXBuildFile; fileRef = 8F31AB622BA2150500A49D30 /* testingEntityRelationshipsTests.swift */; };
		8F31AB6D2BA2150500A49D30 /* testingEntityRelationshipsUITests.swift in Sources */ = {isa = PBXBuildFile; fileRef = 8F31AB6C2BA2150500A49D30 /* testingEntityRelationshipsUITests.swift */; };
		8F31AB6F2BA2150500A49D30 /* testingEntityRelationshipsUITestsLaunchTests.swift in Sources */ = {isa = PBXBuildFile; fileRef = 8F31AB6E2BA2150500A49D30 /* testingEntityRelationshipsUITestsLaunchTests.swift */; };
/* End PBXBuildFile section */

/* Begin PBXContainerItemProxy section */
		8F31AB5F2BA2150500A49D30 /* PBXContainerItemProxy */ = {
			isa = PBXContainerItemProxy;
			containerPortal = 8F31AB3D2BA214EE00A49D30 /* Project object */;
			proxyType = 1;
			remoteGlobalIDString = 8F31AB442BA214EE00A49D30;
			remoteInfo = testingEntityRelationships;
		};
		8F31AB692BA2150500A49D30 /* PBXContainerItemProxy */ = {
			isa = PBXContainerItemProxy;
			containerPortal = 8F31AB3D2BA214EE00A49D30 /* Project object */;
			proxyType = 1;
			remoteGlobalIDString = 8F31AB442BA214EE00A49D30;
			remoteInfo = testingEntityRelationships;
		};
/* End PBXContainerItemProxy section */

/* Begin PBXFileReference section */
		8F31AB452BA214EE00A49D30 /* testingEntityRelationships.app */ = {isa = PBXFileReference; explicitFileType = wrapper.application; includeInIndex = 0; path = testingEntityRelationships.app; sourceTree = BUILT_PRODUCTS_DIR; };
		8F31AB482BA214EE00A49D30 /* AppDelegate.swift */ = {isa = PBXFileReference; lastKnownFileType = sourcecode.swift; path = AppDelegate.swift; sourceTree = "<group>"; };
		8F31AB4A2BA214EE00A49D30 /* SceneDelegate.swift */ = {isa = PBXFileReference; lastKnownFileType = sourcecode.swift; path = SceneDelegate.swift; sourceTree = "<group>"; };
		8F31AB4C2BA214EE00A49D30 /* ViewController.swift */ = {isa = PBXFileReference; lastKnownFileType = sourcecode.swift; path = ViewController.swift; sourceTree = "<group>"; };
		8F31AB4F2BA214EE00A49D30 /* Base */ = {isa = PBXFileReference; lastKnownFileType = file.storyboard; name = Base; path = Base.lproj/Main.storyboard; sourceTree = "<group>"; };
		8F31AB522BA214EE00A49D30 /* testingEntityRelationships.xcdatamodel */ = {isa = PBXFileReference; lastKnownFileType = wrapper.xcdatamodel; path = testingEntityRelationships.xcdatamodel; sourceTree = "<group>"; };
		8F31AB542BA2150400A49D30 /* Assets.xcassets */ = {isa = PBXFileReference; lastKnownFileType = folder.assetcatalog; path = Assets.xcassets; sourceTree = "<group>"; };
		8F31AB572BA2150400A49D30 /* Base */ = {isa = PBXFileReference; lastKnownFileType = file.storyboard; name = Base; path = Base.lproj/LaunchScreen.storyboard; sourceTree = "<group>"; };
		8F31AB592BA2150400A49D30 /* Info.plist */ = {isa = PBXFileReference; lastKnownFileType = text.plist.xml; path = Info.plist; sourceTree = "<group>"; };
		8F31AB5E2BA2150500A49D30 /* testingEntityRelationshipsTests.xctest */ = {isa = PBXFileReference; explicitFileType = wrapper.cfbundle; includeInIndex = 0; path = testingEntityRelationshipsTests.xctest; sourceTree = BUILT_PRODUCTS_DIR; };
		8F31AB622BA2150500A49D30 /* testingEntityRelationshipsTests.swift */ = {isa = PBXFileReference; lastKnownFileType = sourcecode.swift; path = testingEntityRelationshipsTests.swift; sourceTree = "<group>"; };
		8F31AB682BA2150500A49D30 /* testingEntityRelationshipsUITests.xctest */ = {isa = PBXFileReference; explicitFileType = wrapper.cfbundle; includeInIndex = 0; path = testingEntityRelationshipsUITests.xctest; sourceTree = BUILT_PRODUCTS_DIR; };
		8F31AB6C2BA2150500A49D30 /* testingEntityRelationshipsUITests.swift */ = {isa = PBXFileReference; lastKnownFileType = sourcecode.swift; path = testingEntityRelationshipsUITests.swift; sourceTree = "<group>"; };
		8F31AB6E2BA2150500A49D30 /* testingEntityRelationshipsUITestsLaunchTests.swift */ = {isa = PBXFileReference; lastKnownFileType = sourcecode.swift; path = testingEntityRelationshipsUITestsLaunchTests.swift; sourceTree = "<group>"; };
/* End PBXFileReference section */

/* Begin PBXFrameworksBuildPhase section */
		8F31AB422BA214EE00A49D30 /* Frameworks */ = {
			isa = PBXFrameworksBuildPhase;
			buildActionMask = 2147483647;
			files = (
			);
			runOnlyForDeploymentPostprocessing = 0;
		};
		8F31AB5B2BA2150500A49D30 /* Frameworks */ = {
			isa = PBXFrameworksBuildPhase;
			buildActionMask = 2147483647;
			files = (
			);
			runOnlyForDeploymentPostprocessing = 0;
		};
		8F31AB652BA2150500A49D30 /* Frameworks */ = {
			isa = PBXFrameworksBuildPhase;
			buildActionMask = 2147483647;
			files = (
			);
			runOnlyForDeploymentPostprocessing = 0;
		};
/* End PBXFrameworksBuildPhase section */

/* Begin PBXGroup section */
		8F31AB3C2BA214EE00A49D30 = {
			isa = PBXGroup;
			children = (
				8F31AB472BA214EE00A49D30 /* testingEntityRelationships */,
				8F31AB612BA2150500A49D30 /* testingEntityRelationshipsTests */,
				8F31AB6B2BA2150500A49D30 /* testingEntityRelationshipsUITests */,
				8F31AB462BA214EE00A49D30 /* Products */,
			);
			sourceTree = "<group>";
		};
		8F31AB462BA214EE00A49D30 /* Products */ = {
			isa = PBXGroup;
			children = (
				8F31AB452BA214EE00A49D30 /* testingEntityRelationships.app */,
				8F31AB5E2BA2150500A49D30 /* testingEntityRelationshipsTests.xctest */,
				8F31AB682BA2150500A49D30 /* testingEntityRelationshipsUITests.xctest */,
			);
			name = Products;
			sourceTree = "<group>";
		};
		8F31AB472BA214EE00A49D30 /* testingEntityRelationships */ = {
			isa = PBXGroup;
			children = (
				8F31AB482BA214EE00A49D30 /* AppDelegate.swift */,
				8F31AB4A2BA214EE00A49D30 /* SceneDelegate.swift */,
				8F31AB4C2BA214EE00A49D30 /* ViewController.swift */,
				8F31AB4E2BA214EE00A49D30 /* Main.storyboard */,
				8F31AB542BA2150400A49D30 /* Assets.xcassets */,
				8F31AB562BA2150400A49D30 /* LaunchScreen.storyboard */,
				8F31AB592BA2150400A49D30 /* Info.plist */,
				8F31AB512BA214EE00A49D30 /* testingEntityRelationships.xcdatamodeld */,
			);
			path = testingEntityRelationships;
			sourceTree = "<group>";
		};
		8F31AB612BA2150500A49D30 /* testingEntityRelationshipsTests */ = {
			isa = PBXGroup;
			children = (
				8F31AB622BA2150500A49D30 /* testingEntityRelationshipsTests.swift */,
			);
			path = testingEntityRelationshipsTests;
			sourceTree = "<group>";
		};
		8F31AB6B2BA2150500A49D30 /* testingEntityRelationshipsUITests */ = {
			isa = PBXGroup;
			children = (
				8F31AB6C2BA2150500A49D30 /* testingEntityRelationshipsUITests.swift */,
				8F31AB6E2BA2150500A49D30 /* testingEntityRelationshipsUITestsLaunchTests.swift */,
			);
			path = testingEntityRelationshipsUITests;
			sourceTree = "<group>";
		};
/* End PBXGroup section */

/* Begin PBXNativeTarget section */
		8F31AB442BA214EE00A49D30 /* testingEntityRelationships */ = {
			isa = PBXNativeTarget;
			buildConfigurationList = 8F31AB722BA2150500A49D30 /* Build configuration list for PBXNativeTarget "testingEntityRelationships" */;
			buildPhases = (
				8F31AB412BA214EE00A49D30 /* Sources */,
				8F31AB422BA214EE00A49D30 /* Frameworks */,
				8F31AB432BA214EE00A49D30 /* Resources */,
			);
			buildRules = (
			);
			dependencies = (
			);
			name = testingEntityRelationships;
			productName = testingEntityRelationships;
			productReference = 8F31AB452BA214EE00A49D30 /* testingEntityRelationships.app */;
			productType = "com.apple.product-type.application";
		};
		8F31AB5D2BA2150500A49D30 /* testingEntityRelationshipsTests */ = {
			isa = PBXNativeTarget;
			buildConfigurationList = 8F31AB752BA2150500A49D30 /* Build configuration list for PBXNativeTarget "testingEntityRelationshipsTests" */;
			buildPhases = (
				8F31AB5A2BA2150500A49D30 /* Sources */,
				8F31AB5B2BA2150500A49D30 /* Frameworks */,
				8F31AB5C2BA2150500A49D30 /* Resources */,
			);
			buildRules = (
			);
			dependencies = (
				8F31AB602BA2150500A49D30 /* PBXTargetDependency */,
			);
			name = testingEntityRelationshipsTests;
			productName = testingEntityRelationshipsTests;
			productReference = 8F31AB5E2BA2150500A49D30 /* testingEntityRelationshipsTests.xctest */;
			productType = "com.apple.product-type.bundle.unit-test";
		};
		8F31AB672BA2150500A49D30 /* testingEntityRelationshipsUITests */ = {
			isa = PBXNativeTarget;
			buildConfigurationList = 8F31AB782BA2150500A49D30 /* Build configuration list for PBXNativeTarget "testingEntityRelationshipsUITests" */;
			buildPhases = (
				8F31AB642BA2150500A49D30 /* Sources */,
				8F31AB652BA2150500A49D30 /* Frameworks */,
				8F31AB662BA2150500A49D30 /* Resources */,
			);
			buildRules = (
			);
			dependencies = (
				8F31AB6A2BA2150500A49D30 /* PBXTargetDependency */,
			);
			name = testingEntityRelationshipsUITests;
			productName = testingEntityRelationshipsUITests;
			productReference = 8F31AB682BA2150500A49D30 /* testingEntityRelationshipsUITests.xctest */;
			productType = "com.apple.product-type.bundle.ui-testing";
		};
/* End PBXNativeTarget section */

/* Begin PBXProject section */
		8F31AB3D2BA214EE00A49D30 /* Project object */ = {
			isa = PBXProject;
			attributes = {
				BuildIndependentTargetsInParallel = 1;
				LastSwiftUpdateCheck = 1530;
				LastUpgradeCheck = 1530;
				TargetAttributes = {
					8F31AB442BA214EE00A49D30 = {
						CreatedOnToolsVersion = 15.3;
					};
					8F31AB5D2BA2150500A49D30 = {
						CreatedOnToolsVersion = 15.3;
						TestTargetID = 8F31AB442BA214EE00A49D30;
					};
					8F31AB672BA2150500A49D30 = {
						CreatedOnToolsVersion = 15.3;
						TestTargetID = 8F31AB442BA214EE00A49D30;
					};
				};
			};
			buildConfigurationList = 8F31AB402BA214EE00A49D30 /* Build configuration list for PBXProject "testingEntityRelationships" */;
			compatibilityVersion = "Xcode 14.0";
			developmentRegion = en;
			hasScannedForEncodings = 0;
			knownRegions = (
				en,
				Base,
			);
			mainGroup = 8F31AB3C2BA214EE00A49D30;
			productRefGroup = 8F31AB462BA214EE00A49D30 /* Products */;
			projectDirPath = "";
			projectRoot = "";
			targets = (
				8F31AB442BA214EE00A49D30 /* testingEntityRelationships */,
				8F31AB5D2BA2150500A49D30 /* testingEntityRelationshipsTests */,
				8F31AB672BA2150500A49D30 /* testingEntityRelationshipsUITests */,
			);
		};
/* End PBXProject section */

/* Begin PBXResourcesBuildPhase section */
		8F31AB432BA214EE00A49D30 /* Resources */ = {
			isa = PBXResourcesBuildPhase;
			buildActionMask = 2147483647;
			files = (
				8F31AB552BA2150400A49D30 /* Assets.xcassets in Resources */,
				8F31AB582BA2150400A49D30 /* Base in Resources */,
				8F31AB502BA214EE00A49D30 /* Base in Resources */,
			);
			runOnlyForDeploymentPostprocessing = 0;
		};
		8F31AB5C2BA2150500A49D30 /* Resources */ = {
			isa = PBXResourcesBuildPhase;
			buildActionMask = 2147483647;
			files = (
			);
			runOnlyForDeploymentPostprocessing = 0;
		};
		8F31AB662BA2150500A49D30 /* Resources */ = {
			isa = PBXResourcesBuildPhase;
			buildActionMask = 2147483647;
			files = (
			);
			runOnlyForDeploymentPostprocessing = 0;
		};
/* End PBXResourcesBuildPhase section */

/* Begin PBXSourcesBuildPhase section */
		8F31AB412BA214EE00A49D30 /* Sources */ = {
			isa = PBXSourcesBuildPhase;
			buildActionMask = 2147483647;
			files = (
				8F31AB4D2BA214EE00A49D30 /* ViewController.swift in Sources */,
				8F31AB492BA214EE00A49D30 /* AppDelegate.swift in Sources */,
				8F31AB4B2BA214EE00A49D30 /* SceneDelegate.swift in Sources */,
				8F31AB532BA214EE00A49D30 /* testingEntityRelationships.xcdatamodeld in Sources */,
			);
			runOnlyForDeploymentPostprocessing = 0;
		};
		8F31AB5A2BA2150500A49D30 /* Sources */ = {
			isa = PBXSourcesBuildPhase;
			buildActionMask = 2147483647;
			files = (
				8F31AB632BA2150500A49D30 /* testingEntityRelationshipsTests.swift in Sources */,
			);
			runOnlyForDeploymentPostprocessing = 0;
		};
		8F31AB642BA2150500A49D30 /* Sources */ = {
			isa = PBXSourcesBuildPhase;
			buildActionMask = 2147483647;
			files = (
				8F31AB6F2BA2150500A49D30 /* testingEntityRelationshipsUITestsLaunchTests.swift in Sources */,
				8F31AB6D2BA2150500A49D30 /* testingEntityRelationshipsUITests.swift in Sources */,
			);
			runOnlyForDeploymentPostprocessing = 0;
		};
/* End PBXSourcesBuildPhase section */

/* Begin PBXTargetDependency section */
		8F31AB602BA2150500A49D30 /* PBXTargetDependency */ = {
			isa = PBXTargetDependency;
			target = 8F31AB442BA214EE00A49D30 /* testingEntityRelationships */;
			targetProxy = 8F31AB5F2BA2150500A49D30 /* PBXContainerItemProxy */;
		};
		8F31AB6A2BA2150500A49D30 /* PBXTargetDependency */ = {
			isa = PBXTargetDependency;
			target = 8F31AB442BA214EE00A49D30 /* testingEntityRelationships */;
			targetProxy = 8F31AB692BA2150500A49D30 /* PBXContainerItemProxy */;
		};
/* End PBXTargetDependency section */

/* Begin PBXVariantGroup section */
		8F31AB4E2BA214EE00A49D30 /* Main.storyboard */ = {
			isa = PBXVariantGroup;
			children = (
				8F31AB4F2BA214EE00A49D30 /* Base */,
			);
			name = Main.storyboard;
			sourceTree = "<group>";
		};
		8F31AB562BA2150400A49D30 /* LaunchScreen.storyboard */ = {
			isa = PBXVariantGroup;
			children = (
				8F31AB572BA2150400A49D30 /* Base */,
			);
			name = LaunchScreen.storyboard;
			sourceTree = "<group>";
		};
/* End PBXVariantGroup section */

/* Begin XCBuildConfiguration section */
		8F31AB702BA2150500A49D30 /* Debug */ = {
			isa = XCBuildConfiguration;
			buildSettings = {
				ALWAYS_SEARCH_USER_PATHS = NO;
				ASSETCATALOG_COMPILER_GENERATE_SWIFT_ASSET_SYMBOL_EXTENSIONS = YES;
				CLANG_ANALYZER_NONNULL = YES;
				CLANG_ANALYZER_NUMBER_OBJECT_CONVERSION = YES_AGGRESSIVE;
				CLANG_CXX_LANGUAGE_STANDARD = "gnu++20";
				CLANG_ENABLE_MODULES = YES;
				CLANG_ENABLE_OBJC_ARC = YES;
				CLANG_ENABLE_OBJC_WEAK = YES;
				CLANG_WARN_BLOCK_CAPTURE_AUTORELEASING = YES;
				CLANG_WARN_BOOL_CONVERSION = YES;
				CLANG_WARN_COMMA = YES;
				CLANG_WARN_CONSTANT_CONVERSION = YES;
				CLANG_WARN_DEPRECATED_OBJC_IMPLEMENTATIONS = YES;
				CLANG_WARN_DIRECT_OBJC_ISA_USAGE = YES_ERROR;
				CLANG_WARN_DOCUMENTATION_COMMENTS = YES;
				CLANG_WARN_EMPTY_BODY = YES;
				CLANG_WARN_ENUM_CONVERSION = YES;
				CLANG_WARN_INFINITE_RECURSION = YES;
				CLANG_WARN_INT_CONVERSION = YES;
				CLANG_WARN_NON_LITERAL_NULL_CONVERSION = YES;
				CLANG_WARN_OBJC_IMPLICIT_RETAIN_SELF = YES;
				CLANG_WARN_OBJC_LITERAL_CONVERSION = YES;
				CLANG_WARN_OBJC_ROOT_CLASS = YES_ERROR;
				CLANG_WARN_QUOTED_INCLUDE_IN_FRAMEWORK_HEADER = YES;
				CLANG_WARN_RANGE_LOOP_ANALYSIS = YES;
				CLANG_WARN_STRICT_PROTOTYPES = YES;
				CLANG_WARN_SUSPICIOUS_MOVE = YES;
				CLANG_WARN_UNGUARDED_AVAILABILITY = YES_AGGRESSIVE;
				CLANG_WARN_UNREACHABLE_CODE = YES;
				CLANG_WARN__DUPLICATE_METHOD_MATCH = YES;
				COPY_PHASE_STRIP = NO;
				DEBUG_INFORMATION_FORMAT = dwarf;
				ENABLE_STRICT_OBJC_MSGSEND = YES;
				ENABLE_TESTABILITY = YES;
				ENABLE_USER_SCRIPT_SANDBOXING = YES;
				GCC_C_LANGUAGE_STANDARD = gnu17;
				GCC_DYNAMIC_NO_PIC = NO;
				GCC_NO_COMMON_BLOCKS = YES;
				GCC_OPTIMIZATION_LEVEL = 0;
				GCC_PREPROCESSOR_DEFINITIONS = (
					"DEBUG=1",
					"$(inherited)",
				);
				GCC_WARN_64_TO_32_BIT_CONVERSION = YES;
				GCC_WARN_ABOUT_RETURN_TYPE = YES_ERROR;
				GCC_WARN_UNDECLARED_SELECTOR = YES;
				GCC_WARN_UNINITIALIZED_AUTOS = YES_AGGRESSIVE;
				GCC_WARN_UNUSED_FUNCTION = YES;
				GCC_WARN_UNUSED_VARIABLE = YES;
				IPHONEOS_DEPLOYMENT_TARGET = 17.4;
				LOCALIZATION_PREFERS_STRING_CATALOGS = YES;
				MTL_ENABLE_DEBUG_INFO = INCLUDE_SOURCE;
				MTL_FAST_MATH = YES;
				ONLY_ACTIVE_ARCH = YES;
				SDKROOT = iphoneos;
				SWIFT_ACTIVE_COMPILATION_CONDITIONS = "DEBUG $(inherited)";
				SWIFT_OPTIMIZATION_LEVEL = "-Onone";
			};
			name = Debug;
		};
		8F31AB712BA2150500A49D30 /* Release */ = {
			isa = XCBuildConfiguration;
			buildSettings = {
				ALWAYS_SEARCH_USER_PATHS = NO;
				ASSETCATALOG_COMPILER_GENERATE_SWIFT_ASSET_SYMBOL_EXTENSIONS = YES;
				CLANG_ANALYZER_NONNULL = YES;
				CLANG_ANALYZER_NUMBER_OBJECT_CONVERSION = YES_AGGRESSIVE;
				CLANG_CXX_LANGUAGE_STANDARD = "gnu++20";
				CLANG_ENABLE_MODULES = YES;
				CLANG_ENABLE_OBJC_ARC = YES;
				CLANG_ENABLE_OBJC_WEAK = YES;
				CLANG_WARN_BLOCK_CAPTURE_AUTORELEASING = YES;
				CLANG_WARN_BOOL_CONVERSION = YES;
				CLANG_WARN_COMMA = YES;
				CLANG_WARN_CONSTANT_CONVERSION = YES;
				CLANG_WARN_DEPRECATED_OBJC_IMPLEMENTATIONS = YES;
				CLANG_WARN_DIRECT_OBJC_ISA_USAGE = YES_ERROR;
				CLANG_WARN_DOCUMENTATION_COMMENTS = YES;
				CLANG_WARN_EMPTY_BODY = YES;
				CLANG_WARN_ENUM_CONVERSION = YES;
				CLANG_WARN_INFINITE_RECURSION = YES;
				CLANG_WARN_INT_CONVERSION = YES;
				CLANG_WARN_NON_LITERAL_NULL_CONVERSION = YES;
				CLANG_WARN_OBJC_IMPLICIT_RETAIN_SELF = YES;
				CLANG_WARN_OBJC_LITERAL_CONVERSION = YES;
				CLANG_WARN_OBJC_ROOT_CLASS = YES_ERROR;
				CLANG_WARN_QUOTED_INCLUDE_IN_FRAMEWORK_HEADER = YES;
				CLANG_WARN_RANGE_LOOP_ANALYSIS = YES;
				CLANG_WARN_STRICT_PROTOTYPES = YES;
				CLANG_WARN_SUSPICIOUS_MOVE = YES;
				CLANG_WARN_UNGUARDED_AVAILABILITY = YES_AGGRESSIVE;
				CLANG_WARN_UNREACHABLE_CODE = YES;
				CLANG_WARN__DUPLICATE_METHOD_MATCH = YES;
				COPY_PHASE_STRIP = NO;
				DEBUG_INFORMATION_FORMAT = "dwarf-with-dsym";
				ENABLE_NS_ASSERTIONS = NO;
				ENABLE_STRICT_OBJC_MSGSEND = YES;
				ENABLE_USER_SCRIPT_SANDBOXING = YES;
				GCC_C_LANGUAGE_STANDARD = gnu17;
				GCC_NO_COMMON_BLOCKS = YES;
				GCC_WARN_64_TO_32_BIT_CONVERSION = YES;
				GCC_WARN_ABOUT_RETURN_TYPE = YES_ERROR;
				GCC_WARN_UNDECLARED_SELECTOR = YES;
				GCC_WARN_UNINITIALIZED_AUTOS = YES_AGGRESSIVE;
				GCC_WARN_UNUSED_FUNCTION = YES;
				GCC_WARN_UNUSED_VARIABLE = YES;
				IPHONEOS_DEPLOYMENT_TARGET = 17.4;
				LOCALIZATION_PREFERS_STRING_CATALOGS = YES;
				MTL_ENABLE_DEBUG_INFO = NO;
				MTL_FAST_MATH = YES;
				SDKROOT = iphoneos;
				SWIFT_COMPILATION_MODE = wholemodule;
				VALIDATE_PRODUCT = YES;
			};
			name = Release;
		};
		8F31AB732BA2150500A49D30 /* Debug */ = {
			isa = XCBuildConfiguration;
			buildSettings = {
				ASSETCATALOG_COMPILER_APPICON_NAME = AppIcon;
				ASSETCATALOG_COMPILER_GLOBAL_ACCENT_COLOR_NAME = AccentColor;
				CODE_SIGN_STYLE = Automatic;
				CURRENT_PROJECT_VERSION = 1;
				DEVELOPMENT_TEAM = QF832KA9R8;
				GENERATE_INFOPLIST_FILE = YES;
				INFOPLIST_FILE = testingEntityRelationships/Info.plist;
				INFOPLIST_KEY_UIApplicationSupportsIndirectInputEvents = YES;
				INFOPLIST_KEY_UILaunchStoryboardName = LaunchScreen;
				INFOPLIST_KEY_UIMainStoryboardFile = Main;
				INFOPLIST_KEY_UISupportedInterfaceOrientations_iPad = "UIInterfaceOrientationPortrait UIInterfaceOrientationPortraitUpsideDown UIInterfaceOrientationLandscapeLeft UIInterfaceOrientationLandscapeRight";
				INFOPLIST_KEY_UISupportedInterfaceOrientations_iPhone = "UIInterfaceOrientationPortrait UIInterfaceOrientationLandscapeLeft UIInterfaceOrientationLandscapeRight";
				LD_RUNPATH_SEARCH_PATHS = (
					"$(inherited)",
					"@executable_path/Frameworks",
				);
				MARKETING_VERSION = 1.0;
				PRODUCT_BUNDLE_IDENTIFIER = com.jonahwhitney.testingEntityRelationships;
				PRODUCT_NAME = "$(TARGET_NAME)";
				SWIFT_EMIT_LOC_STRINGS = YES;
				SWIFT_VERSION = 5.0;
				TARGETED_DEVICE_FAMILY = "1,2";
			};
			name = Debug;
		};
		8F31AB742BA2150500A49D30 /* Release */ = {
			isa = XCBuildConfiguration;
			buildSettings = {
				ASSETCATALOG_COMPILER_APPICON_NAME = AppIcon;
				ASSETCATALOG_COMPILER_GLOBAL_ACCENT_COLOR_NAME = AccentColor;
				CODE_SIGN_STYLE = Automatic;
				CURRENT_PROJECT_VERSION = 1;
				DEVELOPMENT_TEAM = QF832KA9R8;
				GENERATE_INFOPLIST_FILE = YES;
				INFOPLIST_FILE = testingEntityRelationships/Info.plist;
				INFOPLIST_KEY_UIApplicationSupportsIndirectInputEvents = YES;
				INFOPLIST_KEY_UILaunchStoryboardName = LaunchScreen;
				INFOPLIST_KEY_UIMainStoryboardFile = Main;
				INFOPLIST_KEY_UISupportedInterfaceOrientations_iPad = "UIInterfaceOrientationPortrait UIInterfaceOrientationPortraitUpsideDown UIInterfaceOrientationLandscapeLeft UIInterfaceOrientationLandscapeRight";
				INFOPLIST_KEY_UISupportedInterfaceOrientations_iPhone = "UIInterfaceOrientationPortrait UIInterfaceOrientationLandscapeLeft UIInterfaceOrientationLandscapeRight";
				LD_RUNPATH_SEARCH_PATHS = (
					"$(inherited)",
					"@executable_path/Frameworks",
				);
				MARKETING_VERSION = 1.0;
				PRODUCT_BUNDLE_IDENTIFIER = com.jonahwhitney.testingEntityRelationships;
				PRODUCT_NAME = "$(TARGET_NAME)";
				SWIFT_EMIT_LOC_STRINGS = YES;
				SWIFT_VERSION = 5.0;
				TARGETED_DEVICE_FAMILY = "1,2";
			};
			name = Release;
		};
		8F31AB762BA2150500A49D30 /* Debug */ = {
			isa = XCBuildConfiguration;
			buildSettings = {
				ALWAYS_EMBED_SWIFT_STANDARD_LIBRARIES = YES;
				BUNDLE_LOADER = "$(TEST_HOST)";
				CODE_SIGN_STYLE = Automatic;
				CURRENT_PROJECT_VERSION = 1;
				DEVELOPMENT_TEAM = QF832KA9R8;
				GENERATE_INFOPLIST_FILE = YES;
				IPHONEOS_DEPLOYMENT_TARGET = 17.4;
				MARKETING_VERSION = 1.0;
				PRODUCT_BUNDLE_IDENTIFIER = com.jonahwhitney.testingEntityRelationshipsTests;
				PRODUCT_NAME = "$(TARGET_NAME)";
				SWIFT_EMIT_LOC_STRINGS = NO;
				SWIFT_VERSION = 5.0;
				TARGETED_DEVICE_FAMILY = "1,2";
				TEST_HOST = "$(BUILT_PRODUCTS_DIR)/testingEntityRelationships.app/$(BUNDLE_EXECUTABLE_FOLDER_PATH)/testingEntityRelationships";
			};
			name = Debug;
		};
		8F31AB772BA2150500A49D30 /* Release */ = {
			isa = XCBuildConfiguration;
			buildSettings = {
				ALWAYS_EMBED_SWIFT_STANDARD_LIBRARIES = YES;
				BUNDLE_LOADER = "$(TEST_HOST)";
				CODE_SIGN_STYLE = Automatic;
				CURRENT_PROJECT_VERSION = 1;
				DEVELOPMENT_TEAM = QF832KA9R8;
				GENERATE_INFOPLIST_FILE = YES;
				IPHONEOS_DEPLOYMENT_TARGET = 17.4;
				MARKETING_VERSION = 1.0;
				PRODUCT_BUNDLE_IDENTIFIER = com.jonahwhitney.testingEntityRelationshipsTests;
				PRODUCT_NAME = "$(TARGET_NAME)";
				SWIFT_EMIT_LOC_STRINGS = NO;
				SWIFT_VERSION = 5.0;
				TARGETED_DEVICE_FAMILY = "1,2";
				TEST_HOST = "$(BUILT_PRODUCTS_DIR)/testingEntityRelationships.app/$(BUNDLE_EXECUTABLE_FOLDER_PATH)/testingEntityRelationships";
			};
			name = Release;
		};
		8F31AB792BA2150500A49D30 /* Debug */ = {
			isa = XCBuildConfiguration;
			buildSettings = {
				ALWAYS_EMBED_SWIFT_STANDARD_LIBRARIES = YES;
				CODE_SIGN_STYLE = Automatic;
				CURRENT_PROJECT_VERSION = 1;
				DEVELOPMENT_TEAM = QF832KA9R8;
				GENERATE_INFOPLIST_FILE = YES;
				MARKETING_VERSION = 1.0;
				PRODUCT_BUNDLE_IDENTIFIER = com.jonahwhitney.testingEntityRelationshipsUITests;
				PRODUCT_NAME = "$(TARGET_NAME)";
				SWIFT_EMIT_LOC_STRINGS = NO;
				SWIFT_VERSION = 5.0;
				TARGETED_DEVICE_FAMILY = "1,2";
				TEST_TARGET_NAME = testingEntityRelationships;
			};
			name = Debug;
		};
		8F31AB7A2BA2150500A49D30 /* Release */ = {
			isa = XCBuildConfiguration;
			buildSettings = {
				ALWAYS_EMBED_SWIFT_STANDARD_LIBRARIES = YES;
				CODE_SIGN_STYLE = Automatic;
				CURRENT_PROJECT_VERSION = 1;
				DEVELOPMENT_TEAM = QF832KA9R8;
				GENERATE_INFOPLIST_FILE = YES;
				MARKETING_VERSION = 1.0;
				PRODUCT_BUNDLE_IDENTIFIER = com.jonahwhitney.testingEntityRelationshipsUITests;
				PRODUCT_NAME = "$(TARGET_NAME)";
				SWIFT_EMIT_LOC_STRINGS = NO;
				SWIFT_VERSION = 5.0;
				TARGETED_DEVICE_FAMILY = "1,2";
				TEST_TARGET_NAME = testingEntityRelationships;
			};
			name = Release;
		};
/* End XCBuildConfiguration section */

/* Begin XCConfigurationList section */
		8F31AB402BA214EE00A49D30 /* Build configuration list for PBXProject "testingEntityRelationships" */ = {
			isa = XCConfigurationList;
			buildConfigurations = (
				8F31AB702BA2150500A49D30 /* Debug */,
				8F31AB712BA2150500A49D30 /* Release */,
			);
			defaultConfigurationIsVisible = 0;
			defaultConfigurationName = Release;
		};
		8F31AB722BA2150500A49D30 /* Build configuration list for PBXNativeTarget "testingEntityRelationships" */ = {
			isa = XCConfigurationList;
			buildConfigurations = (
				8F31AB732BA2150500A49D30 /* Debug */,
				8F31AB742BA2150500A49D30 /* Release */,
			);
			defaultConfigurationIsVisible = 0;
			defaultConfigurationName = Release;
		};
		8F31AB752BA2150500A49D30 /* Build configuration list for PBXNativeTarget "testingEntityRelationshipsTests" */ = {
			isa = XCConfigurationList;
			buildConfigurations = (
				8F31AB762BA2150500A49D30 /* Debug */,
				8F31AB772BA2150500A49D30 /* Release */,
			);
			defaultConfigurationIsVisible = 0;
			defaultConfigurationName = Release;
		};
		8F31AB782BA2150500A49D30 /* Build configuration list for PBXNativeTarget "testingEntityRelationshipsUITests" */ = {
			isa = XCConfigurationList;
			buildConfigurations = (
				8F31AB792BA2150500A49D30 /* Debug */,
				8F31AB7A2BA2150500A49D30 /* Release */,
			);
			defaultConfigurationIsVisible = 0;
			defaultConfigurationName = Release;
		};
/* End XCConfigurationList section */

/* Begin XCVersionGroup section */
		8F31AB512BA214EE00A49D30 /* testingEntityRelationships.xcdatamodeld */ = {
			isa = XCVersionGroup;
			children = (
				8F31AB522BA214EE00A49D30 /* testingEntityRelationships.xcdatamodel */,
			);
			currentVersion = 8F31AB522BA214EE00A49D30 /* testingEntityRelationships.xcdatamodel */;
			path = testingEntityRelationships.xcdatamodeld;
			sourceTree = "<group>";
			versionGroupType = wrapper.xcdatamodel;
		};
/* End XCVersionGroup section */
	};
	rootObject = 8F31AB3D2BA214EE00A49D30 /* Project object */;
}
